
Microsoft Visual Studio Solution File, Format Version 12.00
# Visual Studio Version 16
VisualStudioVersion = 16.0.31025.194
MinimumVisualStudioVersion = 10.0.40219.1
Project("{2150E333-8FDC-42A3-9474-1A3956D46DE8}") = "src", "src", "{C5DA74EE-7219-4778-8E07-9B7380E17904}"
EndProject
Project("{FAE04EC0-301F-11D3-BF4B-00C04F79EFBC}") = "PublisherConsole", "PublisherConsole\PublisherConsole.csproj", "{C561204A-1032-4295-98D3-623C57DF29E6}"
EndProject
Project("{FAE04EC0-301F-11D3-BF4B-00C04F79EFBC}") = "ConsumeConsole", "ConsumeConsole\ConsumeConsole.csproj", "{0035F634-5B2C-4881-B049-4285BE74D621}"
EndProject
Global
	GlobalSection(SolutionConfigurationPlatforms) = preSolution
		Debug|Any CPU = Debug|Any CPU
		Release|Any CPU = Release|Any CPU
	EndGlobalSection
	GlobalSection(ProjectConfigurationPlatforms) = postSolution
		{C561204A-1032-4295-98D3-623C57DF29E6}.Debug|Any CPU.ActiveCfg = Debug|Any CPU
		{C561204A-1032-4295-98D3-623C57DF29E6}.Debug|Any CPU.Build.0 = Debug|Any CPU
		{C561204A-1032-4295-98D3-623C57DF29E6}.Release|Any CPU.ActiveCfg = Release|Any CPU
		{C561204A-1032-4295-98D3-623C57DF29E6}.Release|Any CPU.Build.0 = Release|Any CPU
		{0035F634-5B2C-4881-B049-4285BE74D621}.Debug|Any CPU.ActiveCfg = Debug|Any CPU
		{0035F634-5B2C-4881-B049-4285BE74D621}.Debug|Any CPU.Build.0 = Debug|Any CPU
		{0035F634-5B2C-4881-B049-4285BE74D621}.Release|Any CPU.ActiveCfg = Release|Any CPU
		{0035F634-5B2C-4881-B049-4285BE74D621}.Release|Any CPU.Build.0 = Release|Any CPU
	EndGlobalSection
	GlobalSection(SolutionProperties) = preSolution
		HideSolutionNode = FALSE
	EndGlobalSection
	GlobalSection(NestedProjects) = preSolution
		{C561204A-1032-4295-98D3-623C57DF29E6} = {C5DA74EE-7219-4778-8E07-9B7380E17904}
		{0035F634-5B2C-4881-B049-4285BE74D621} = {C5DA74EE-7219-4778-8E07-9B7380E17904}
	EndGlobalSection
	GlobalSection(ExtensibilityGlobals) = postSolution
		SolutionGuid = {1897C833-630E-48B9-8B48-E125CC544CFE}
	EndGlobalSection
EndGlobal
